// !$*UTF8*$!
{
	archiveVersion = 1;
	classes = {
	};
	objectVersion = 50;
	objects = {

/* Begin PBXBuildFile section */
		4B4015ED2602319100C3B960 /* PlaceSearchControl.swift in Sources */ = {isa = PBXBuildFile; fileRef = 4B4015EC2602319100C3B960 /* PlaceSearchControl.swift */; };
		4BA3078525FF7696003A210E /* AppDelegate.swift in Sources */ = {isa = PBXBuildFile; fileRef = 4BA3078425FF7696003A210E /* AppDelegate.swift */; };
		4BA3078725FF7696003A210E /* MapViewController.swift in Sources */ = {isa = PBXBuildFile; fileRef = 4BA3078625FF7696003A210E /* MapViewController.swift */; };
		4BA3078A25FF7696003A210E /* Main.storyboard in Resources */ = {isa = PBXBuildFile; fileRef = 4BA3078825FF7696003A210E /* Main.storyboard */; };
		4BA3078D25FF7696003A210E /* GoogleNotification.xcdatamodeld in Sources */ = {isa = PBXBuildFile; fileRef = 4BA3078B25FF7696003A210E /* GoogleNotification.xcdatamodeld */; };
		4BA3078F25FF7697003A210E /* Assets.xcassets in Resources */ = {isa = PBXBuildFile; fileRef = 4BA3078E25FF7697003A210E /* Assets.xcassets */; };
		4BA3079225FF7697003A210E /* LaunchScreen.storyboard in Resources */ = {isa = PBXBuildFile; fileRef = 4BA3079025FF7697003A210E /* LaunchScreen.storyboard */; };
		4BA3079D25FF7697003A210E /* GoogleNotificationTests.swift in Sources */ = {isa = PBXBuildFile; fileRef = 4BA3079C25FF7697003A210E /* GoogleNotificationTests.swift */; };
		4BA307A825FF7697003A210E /* GoogleNotificationUITests.swift in Sources */ = {isa = PBXBuildFile; fileRef = 4BA307A725FF7697003A210E /* GoogleNotificationUITests.swift */; };
		4BA307B725FF8403003A210E /* MapViewControllerExtension.swift in Sources */ = {isa = PBXBuildFile; fileRef = 4BA307B625FF8403003A210E /* MapViewControllerExtension.swift */; };
		4BA307BC25FF8807003A210E /* LocationSearchTableExtension.swift in Sources */ = {isa = PBXBuildFile; fileRef = 4BA307BB25FF8807003A210E /* LocationSearchTableExtension.swift */; };
		4BEC39E22601DC2A001FC7DF /* DisplayPlaceViewControllerExtension.swift in Sources */ = {isa = PBXBuildFile; fileRef = 4BEC39E12601DC2A001FC7DF /* DisplayPlaceViewControllerExtension.swift */; };
		4BEC39E52601DD3B001FC7DF /* SaveButtonExtension.swift in Sources */ = {isa = PBXBuildFile; fileRef = 4BEC39E42601DD3B001FC7DF /* SaveButtonExtension.swift */; };
		4BEC39E92601DE64001FC7DF /* SaveNotificationExtension.swift in Sources */ = {isa = PBXBuildFile; fileRef = 4BEC39E82601DE64001FC7DF /* SaveNotificationExtension.swift */; };
		4BEC39EB2601DFAD001FC7DF /* LocationAuthentication.swift in Sources */ = {isa = PBXBuildFile; fileRef = 4BEC39EA2601DFAD001FC7DF /* LocationAuthentication.swift */; };
		4BED53E826007DF1005F2E87 /* StorageClass.swift in Sources */ = {isa = PBXBuildFile; fileRef = 4BED53E726007DF1005F2E87 /* StorageClass.swift */; };
		4BED53EB2600B093005F2E87 /* DisplayPlaceViewController.swift in Sources */ = {isa = PBXBuildFile; fileRef = 4BED53EA2600B093005F2E87 /* DisplayPlaceViewController.swift */; };
		4BED53ED2600B1E3005F2E87 /* PlaceTableViewCell.swift in Sources */ = {isa = PBXBuildFile; fileRef = 4BED53EC2600B1E3005F2E87 /* PlaceTableViewCell.swift */; };
		4BED53F22600D8CF005F2E87 /* MyLocation.gpx in Resources */ = {isa = PBXBuildFile; fileRef = 4BED53F12600D8CE005F2E87 /* MyLocation.gpx */; };
/* End PBXBuildFile section */

/* Begin PBXContainerItemProxy section */
		4BA3079925FF7697003A210E /* PBXContainerItemProxy */ = {
			isa = PBXContainerItemProxy;
			containerPortal = 4BA3077925FF7696003A210E /* Project object */;
			proxyType = 1;
			remoteGlobalIDString = 4BA3078025FF7696003A210E;
			remoteInfo = GoogleNotification;
		};
		4BA307A425FF7697003A210E /* PBXContainerItemProxy */ = {
			isa = PBXContainerItemProxy;
			containerPortal = 4BA3077925FF7696003A210E /* Project object */;
			proxyType = 1;
			remoteGlobalIDString = 4BA3078025FF7696003A210E;
			remoteInfo = GoogleNotification;
		};
/* End PBXContainerItemProxy section */

/* Begin PBXFileReference section */
		4B4015EC2602319100C3B960 /* PlaceSearchControl.swift */ = {isa = PBXFileReference; lastKnownFileType = sourcecode.swift; path = PlaceSearchControl.swift; sourceTree = "<group>"; };
		4BA3078125FF7696003A210E /* GoogleNotification.app */ = {isa = PBXFileReference; explicitFileType = wrapper.application; includeInIndex = 0; path = GoogleNotification.app; sourceTree = BUILT_PRODUCTS_DIR; };
		4BA3078425FF7696003A210E /* AppDelegate.swift */ = {isa = PBXFileReference; lastKnownFileType = sourcecode.swift; path = AppDelegate.swift; sourceTree = "<group>"; };
		4BA3078625FF7696003A210E /* MapViewController.swift */ = {isa = PBXFileReference; lastKnownFileType = sourcecode.swift; path = MapViewController.swift; sourceTree = "<group>"; };
		4BA3078925FF7696003A210E /* Base */ = {isa = PBXFileReference; lastKnownFileType = file.storyboard; name = Base; path = Base.lproj/Main.storyboard; sourceTree = "<group>"; };
		4BA3078C25FF7696003A210E /* GoogleNotification.xcdatamodel */ = {isa = PBXFileReference; lastKnownFileType = wrapper.xcdatamodel; path = GoogleNotification.xcdatamodel; sourceTree = "<group>"; };
		4BA3078E25FF7697003A210E /* Assets.xcassets */ = {isa = PBXFileReference; lastKnownFileType = folder.assetcatalog; path = Assets.xcassets; sourceTree = "<group>"; };
		4BA3079125FF7697003A210E /* Base */ = {isa = PBXFileReference; lastKnownFileType = file.storyboard; name = Base; path = Base.lproj/LaunchScreen.storyboard; sourceTree = "<group>"; };
		4BA3079325FF7697003A210E /* Info.plist */ = {isa = PBXFileReference; lastKnownFileType = text.plist.xml; path = Info.plist; sourceTree = "<group>"; };
		4BA3079825FF7697003A210E /* GoogleNotificationTests.xctest */ = {isa = PBXFileReference; explicitFileType = wrapper.cfbundle; includeInIndex = 0; path = GoogleNotificationTests.xctest; sourceTree = BUILT_PRODUCTS_DIR; };
		4BA3079C25FF7697003A210E /* GoogleNotificationTests.swift */ = {isa = PBXFileReference; lastKnownFileType = sourcecode.swift; path = GoogleNotificationTests.swift; sourceTree = "<group>"; };
		4BA3079E25FF7697003A210E /* Info.plist */ = {isa = PBXFileReference; lastKnownFileType = text.plist.xml; path = Info.plist; sourceTree = "<group>"; };
		4BA307A325FF7697003A210E /* GoogleNotificationUITests.xctest */ = {isa = PBXFileReference; explicitFileType = wrapper.cfbundle; includeInIndex = 0; path = GoogleNotificationUITests.xctest; sourceTree = BUILT_PRODUCTS_DIR; };
		4BA307A725FF7697003A210E /* GoogleNotificationUITests.swift */ = {isa = PBXFileReference; lastKnownFileType = sourcecode.swift; path = GoogleNotificationUITests.swift; sourceTree = "<group>"; };
		4BA307A925FF7697003A210E /* Info.plist */ = {isa = PBXFileReference; lastKnownFileType = text.plist.xml; path = Info.plist; sourceTree = "<group>"; };
		4BA307B625FF8403003A210E /* MapViewControllerExtension.swift */ = {isa = PBXFileReference; lastKnownFileType = sourcecode.swift; path = MapViewControllerExtension.swift; sourceTree = "<group>"; };
		4BA307BB25FF8807003A210E /* LocationSearchTableExtension.swift */ = {isa = PBXFileReference; lastKnownFileType = sourcecode.swift; path = LocationSearchTableExtension.swift; sourceTree = "<group>"; };
		4BEC39E12601DC2A001FC7DF /* DisplayPlaceViewControllerExtension.swift */ = {isa = PBXFileReference; lastKnownFileType = sourcecode.swift; path = DisplayPlaceViewControllerExtension.swift; sourceTree = "<group>"; };
		4BEC39E42601DD3B001FC7DF /* SaveButtonExtension.swift */ = {isa = PBXFileReference; lastKnownFileType = sourcecode.swift; path = SaveButtonExtension.swift; sourceTree = "<group>"; };
		4BEC39E82601DE64001FC7DF /* SaveNotificationExtension.swift */ = {isa = PBXFileReference; lastKnownFileType = sourcecode.swift; path = SaveNotificationExtension.swift; sourceTree = "<group>"; };
		4BEC39EA2601DFAD001FC7DF /* LocationAuthentication.swift */ = {isa = PBXFileReference; lastKnownFileType = sourcecode.swift; path = LocationAuthentication.swift; sourceTree = "<group>"; };
		4BED53E726007DF1005F2E87 /* StorageClass.swift */ = {isa = PBXFileReference; lastKnownFileType = sourcecode.swift; path = StorageClass.swift; sourceTree = "<group>"; };
		4BED53EA2600B093005F2E87 /* DisplayPlaceViewController.swift */ = {isa = PBXFileReference; lastKnownFileType = sourcecode.swift; path = DisplayPlaceViewController.swift; sourceTree = "<group>"; };
		4BED53EC2600B1E3005F2E87 /* PlaceTableViewCell.swift */ = {isa = PBXFileReference; lastKnownFileType = sourcecode.swift; path = PlaceTableViewCell.swift; sourceTree = "<group>"; };
		4BED53F12600D8CE005F2E87 /* MyLocation.gpx */ = {isa = PBXFileReference; fileEncoding = 4; lastKnownFileType = text.xml; path = MyLocation.gpx; sourceTree = "<group>"; };
/* End PBXFileReference section */

/* Begin PBXFrameworksBuildPhase section */
		4BA3077E25FF7696003A210E /* Frameworks */ = {
			isa = PBXFrameworksBuildPhase;
			buildActionMask = 2147483647;
			files = (
			);
			runOnlyForDeploymentPostprocessing = 0;
		};
		4BA3079525FF7697003A210E /* Frameworks */ = {
			isa = PBXFrameworksBuildPhase;
			buildActionMask = 2147483647;
			files = (
			);
			runOnlyForDeploymentPostprocessing = 0;
		};
		4BA307A025FF7697003A210E /* Frameworks */ = {
			isa = PBXFrameworksBuildPhase;
			buildActionMask = 2147483647;
			files = (
			);
			runOnlyForDeploymentPostprocessing = 0;
		};
/* End PBXFrameworksBuildPhase section */

/* Begin PBXGroup section */
		4BA3077825FF7696003A210E = {
			isa = PBXGroup;
			children = (
				4BA3078325FF7696003A210E /* GoogleNotification */,
				4BA3079B25FF7697003A210E /* GoogleNotificationTests */,
				4BA307A625FF7697003A210E /* GoogleNotificationUITests */,
				4BA3078225FF7696003A210E /* Products */,
			);
			sourceTree = "<group>";
		};
		4BA3078225FF7696003A210E /* Products */ = {
			isa = PBXGroup;
			children = (
				4BA3078125FF7696003A210E /* GoogleNotification.app */,
				4BA3079825FF7697003A210E /* GoogleNotificationTests.xctest */,
				4BA307A325FF7697003A210E /* GoogleNotificationUITests.xctest */,
			);
			name = Products;
			sourceTree = "<group>";
		};
		4BA3078325FF7696003A210E /* GoogleNotification */ = {
			isa = PBXGroup;
			children = (
				4BED53E2260079FB005F2E87 /* Model */,
				4BED53E1260079F3005F2E87 /* View */,
				4BED53E0260079E2005F2E87 /* Controller */,
				4BA3078425FF7696003A210E /* AppDelegate.swift */,
				4BA3078E25FF7697003A210E /* Assets.xcassets */,
				4BA3079025FF7697003A210E /* LaunchScreen.storyboard */,
				4BA3079325FF7697003A210E /* Info.plist */,
				4BA3078B25FF7696003A210E /* GoogleNotification.xcdatamodeld */,
			);
			path = GoogleNotification;
			sourceTree = "<group>";
		};
		4BA3079B25FF7697003A210E /* GoogleNotificationTests */ = {
			isa = PBXGroup;
			children = (
				4BA3079C25FF7697003A210E /* GoogleNotificationTests.swift */,
				4BA3079E25FF7697003A210E /* Info.plist */,
			);
			path = GoogleNotificationTests;
			sourceTree = "<group>";
		};
		4BA307A625FF7697003A210E /* GoogleNotificationUITests */ = {
			isa = PBXGroup;
			children = (
				4BA307A725FF7697003A210E /* GoogleNotificationUITests.swift */,
				4BA307A925FF7697003A210E /* Info.plist */,
			);
			path = GoogleNotificationUITests;
			sourceTree = "<group>";
		};
		4BA307B525FF83D9003A210E /* Extension */ = {
			isa = PBXGroup;
			children = (
				4BA307B625FF8403003A210E /* MapViewControllerExtension.swift */,
				4B4015EC2602319100C3B960 /* PlaceSearchControl.swift */,
				4BA307BB25FF8807003A210E /* LocationSearchTableExtension.swift */,
				4BEC39EA2601DFAD001FC7DF /* LocationAuthentication.swift */,
				4BEC39E42601DD3B001FC7DF /* SaveButtonExtension.swift */,
				4BEC39E82601DE64001FC7DF /* SaveNotificationExtension.swift */,
			);
			path = Extension;
			sourceTree = "<group>";
		};
		4BEC39DF2601D8FA001FC7DF /* NotificationViewController */ = {
			isa = PBXGroup;
			children = (
				4BA3078625FF7696003A210E /* MapViewController.swift */,
				4BA307B525FF83D9003A210E /* Extension */,
			);
			path = NotificationViewController;
			sourceTree = "<group>";
		};
		4BEC39E02601DBD3001FC7DF /* Extension */ = {
			isa = PBXGroup;
			children = (
				4BEC39E12601DC2A001FC7DF /* DisplayPlaceViewControllerExtension.swift */,
			);
			path = Extension;
			sourceTree = "<group>";
		};
		4BED53E0260079E2005F2E87 /* Controller */ = {
			isa = PBXGroup;
			children = (
				4BEC39DF2601D8FA001FC7DF /* NotificationViewController */,
				4BED53E426007A45005F2E87 /* DisplayPlace */,
			);
			path = Controller;
			sourceTree = "<group>";
		};
		4BED53E1260079F3005F2E87 /* View */ = {
			isa = PBXGroup;
			children = (
				4BA3078825FF7696003A210E /* Main.storyboard */,
			);
			path = View;
			sourceTree = "<group>";
		};
		4BED53E2260079FB005F2E87 /* Model */ = {
			isa = PBXGroup;
			children = (
				4BED53E726007DF1005F2E87 /* StorageClass.swift */,
				4BED53F12600D8CE005F2E87 /* MyLocation.gpx */,
			);
			path = Model;
			sourceTree = "<group>";
		};
		4BED53E426007A45005F2E87 /* DisplayPlace */ = {
			isa = PBXGroup;
			children = (
				4BED53EA2600B093005F2E87 /* DisplayPlaceViewController.swift */,
				4BED53EC2600B1E3005F2E87 /* PlaceTableViewCell.swift */,
				4BEC39E02601DBD3001FC7DF /* Extension */,
			);
			path = DisplayPlace;
			sourceTree = "<group>";
		};
/* End PBXGroup section */

/* Begin PBXNativeTarget section */
		4BA3078025FF7696003A210E /* GoogleNotification */ = {
			isa = PBXNativeTarget;
			buildConfigurationList = 4BA307AC25FF7697003A210E /* Build configuration list for PBXNativeTarget "GoogleNotification" */;
			buildPhases = (
				4BA3077D25FF7696003A210E /* Sources */,
				4BA3077E25FF7696003A210E /* Frameworks */,
				4BA3077F25FF7696003A210E /* Resources */,
			);
			buildRules = (
			);
			dependencies = (
			);
			name = GoogleNotification;
			productName = GoogleNotification;
			productReference = 4BA3078125FF7696003A210E /* GoogleNotification.app */;
			productType = "com.apple.product-type.application";
		};
		4BA3079725FF7697003A210E /* GoogleNotificationTests */ = {
			isa = PBXNativeTarget;
			buildConfigurationList = 4BA307AF25FF7697003A210E /* Build configuration list for PBXNativeTarget "GoogleNotificationTests" */;
			buildPhases = (
				4BA3079425FF7697003A210E /* Sources */,
				4BA3079525FF7697003A210E /* Frameworks */,
				4BA3079625FF7697003A210E /* Resources */,
			);
			buildRules = (
			);
			dependencies = (
				4BA3079A25FF7697003A210E /* PBXTargetDependency */,
			);
			name = GoogleNotificationTests;
			productName = GoogleNotificationTests;
			productReference = 4BA3079825FF7697003A210E /* GoogleNotificationTests.xctest */;
			productType = "com.apple.product-type.bundle.unit-test";
		};
		4BA307A225FF7697003A210E /* GoogleNotificationUITests */ = {
			isa = PBXNativeTarget;
			buildConfigurationList = 4BA307B225FF7697003A210E /* Build configuration list for PBXNativeTarget "GoogleNotificationUITests" */;
			buildPhases = (
				4BA3079F25FF7697003A210E /* Sources */,
				4BA307A025FF7697003A210E /* Frameworks */,
				4BA307A125FF7697003A210E /* Resources */,
			);
			buildRules = (
			);
			dependencies = (
				4BA307A525FF7697003A210E /* PBXTargetDependency */,
			);
			name = GoogleNotificationUITests;
			productName = GoogleNotificationUITests;
			productReference = 4BA307A325FF7697003A210E /* GoogleNotificationUITests.xctest */;
			productType = "com.apple.product-type.bundle.ui-testing";
		};
/* End PBXNativeTarget section */

/* Begin PBXProject section */
		4BA3077925FF7696003A210E /* Project object */ = {
			isa = PBXProject;
			attributes = {
				LastSwiftUpdateCheck = 1010;
				LastUpgradeCheck = 1010;
				ORGANIZATIONNAME = Datamatics;
				TargetAttributes = {
					4BA3078025FF7696003A210E = {
						CreatedOnToolsVersion = 10.1;
					};
					4BA3079725FF7697003A210E = {
						CreatedOnToolsVersion = 10.1;
						TestTargetID = 4BA3078025FF7696003A210E;
					};
					4BA307A225FF7697003A210E = {
						CreatedOnToolsVersion = 10.1;
						TestTargetID = 4BA3078025FF7696003A210E;
					};
				};
			};
			buildConfigurationList = 4BA3077C25FF7696003A210E /* Build configuration list for PBXProject "GoogleNotification" */;
			compatibilityVersion = "Xcode 9.3";
			developmentRegion = en;
			hasScannedForEncodings = 0;
			knownRegions = (
				en,
				Base,
			);
			mainGroup = 4BA3077825FF7696003A210E;
			productRefGroup = 4BA3078225FF7696003A210E /* Products */;
			projectDirPath = "";
			projectRoot = "";
			targets = (
				4BA3078025FF7696003A210E /* GoogleNotification */,
				4BA3079725FF7697003A210E /* GoogleNotificationTests */,
				4BA307A225FF7697003A210E /* GoogleNotificationUITests */,
			);
		};
/* End PBXProject section */

/* Begin PBXResourcesBuildPhase section */
		4BA3077F25FF7696003A210E /* Resources */ = {
			isa = PBXResourcesBuildPhase;
			buildActionMask = 2147483647;
			files = (
				4BA3079225FF7697003A210E /* LaunchScreen.storyboard in Resources */,
				4BA3078F25FF7697003A210E /* Assets.xcassets in Resources */,
				4BED53F22600D8CF005F2E87 /* MyLocation.gpx in Resources */,
				4BA3078A25FF7696003A210E /* Main.storyboard in Resources */,
			);
			runOnlyForDeploymentPostprocessing = 0;
		};
		4BA3079625FF7697003A210E /* Resources */ = {
			isa = PBXResourcesBuildPhase;
			buildActionMask = 2147483647;
			files = (
			);
			runOnlyForDeploymentPostprocessing = 0;
		};
		4BA307A125FF7697003A210E /* Resources */ = {
			isa = PBXResourcesBuildPhase;
			buildActionMask = 2147483647;
			files = (
			);
			runOnlyForDeploymentPostprocessing = 0;
		};
/* End PBXResourcesBuildPhase section */

/* Begin PBXSourcesBuildPhase section */
		4BA3077D25FF7696003A210E /* Sources */ = {
			isa = PBXSourcesBuildPhase;
			buildActionMask = 2147483647;
			files = (
				4BED53E826007DF1005F2E87 /* StorageClass.swift in Sources */,
				4BA3078725FF7696003A210E /* MapViewController.swift in Sources */,
				4BEC39E52601DD3B001FC7DF /* SaveButtonExtension.swift in Sources */,
				4BA3078D25FF7696003A210E /* GoogleNotification.xcdatamodeld in Sources */,
				4BA307BC25FF8807003A210E /* LocationSearchTableExtension.swift in Sources */,
				4BA307B725FF8403003A210E /* MapViewControllerExtension.swift in Sources */,
				4B4015ED2602319100C3B960 /* PlaceSearchControl.swift in Sources */,
				4BEC39E92601DE64001FC7DF /* SaveNotificationExtension.swift in Sources */,
				4BEC39E22601DC2A001FC7DF /* DisplayPlaceViewControllerExtension.swift in Sources */,
				4BA3078525FF7696003A210E /* AppDelegate.swift in Sources */,
				4BED53EB2600B093005F2E87 /* DisplayPlaceViewController.swift in Sources */,
				4BEC39EB2601DFAD001FC7DF /* LocationAuthentication.swift in Sources */,
				4BED53ED2600B1E3005F2E87 /* PlaceTableViewCell.swift in Sources */,
			);
			runOnlyForDeploymentPostprocessing = 0;
		};
		4BA3079425FF7697003A210E /* Sources */ = {
			isa = PBXSourcesBuildPhase;
			buildActionMask = 2147483647;
			files = (
				4BA3079D25FF7697003A210E /* GoogleNotificationTests.swift in Sources */,
			);
			runOnlyForDeploymentPostprocessing = 0;
		};
		4BA3079F25FF7697003A210E /* Sources */ = {
			isa = PBXSourcesBuildPhase;
			buildActionMask = 2147483647;
			files = (
				4BA307A825FF7697003A210E /* GoogleNotificationUITests.swift in Sources */,
			);
			runOnlyForDeploymentPostprocessing = 0;
		};
/* End PBXSourcesBuildPhase section */

/* Begin PBXTargetDependency section */
		4BA3079A25FF7697003A210E /* PBXTargetDependency */ = {
			isa = PBXTargetDependency;
			target = 4BA3078025FF7696003A210E /* GoogleNotification */;
			targetProxy = 4BA3079925FF7697003A210E /* PBXContainerItemProxy */;
		};
		4BA307A525FF7697003A210E /* PBXTargetDependency */ = {
			isa = PBXTargetDependency;
			target = 4BA3078025FF7696003A210E /* GoogleNotification */;
			targetProxy = 4BA307A425FF7697003A210E /* PBXContainerItemProxy */;
		};
/* End PBXTargetDependency section */

/* Begin PBXVariantGroup section */
		4BA3078825FF7696003A210E /* Main.storyboard */ = {
			isa = PBXVariantGroup;
			children = (
				4BA3078925FF7696003A210E /* Base */,
			);
			name = Main.storyboard;
			sourceTree = "<group>";
		};
		4BA3079025FF7697003A210E /* LaunchScreen.storyboard */ = {
			isa = PBXVariantGroup;
			children = (
				4BA3079125FF7697003A210E /* Base */,
			);
			name = LaunchScreen.storyboard;
			sourceTree = "<group>";
		};
/* End PBXVariantGroup section */

/* Begin XCBuildConfiguration section */
		4BA307AA25FF7697003A210E /* Debug */ = {
			isa = XCBuildConfiguration;
			buildSettings = {
				ALWAYS_SEARCH_USER_PATHS = NO;
				CLANG_ANALYZER_NONNULL = YES;
				CLANG_ANALYZER_NUMBER_OBJECT_CONVERSION = YES_AGGRESSIVE;
				CLANG_CXX_LANGUAGE_STANDARD = "gnu++14";
				CLANG_CXX_LIBRARY = "libc++";
				CLANG_ENABLE_MODULES = YES;
				CLANG_ENABLE_OBJC_ARC = YES;
				CLANG_ENABLE_OBJC_WEAK = YES;
				CLANG_WARN_BLOCK_CAPTURE_AUTORELEASING = YES;
				CLANG_WARN_BOOL_CONVERSION = YES;
				CLANG_WARN_COMMA = YES;
				CLANG_WARN_CONSTANT_CONVERSION = YES;
				CLANG_WARN_DEPRECATED_OBJC_IMPLEMENTATIONS = YES;
				CLANG_WARN_DIRECT_OBJC_ISA_USAGE = YES_ERROR;
				CLANG_WARN_DOCUMENTATION_COMMENTS = YES;
				CLANG_WARN_EMPTY_BODY = YES;
				CLANG_WARN_ENUM_CONVERSION = YES;
				CLANG_WARN_INFINITE_RECURSION = YES;
				CLANG_WARN_INT_CONVERSION = YES;
				CLANG_WARN_NON_LITERAL_NULL_CONVERSION = YES;
				CLANG_WARN_OBJC_IMPLICIT_RETAIN_SELF = YES;
				CLANG_WARN_OBJC_LITERAL_CONVERSION = YES;
				CLANG_WARN_OBJC_ROOT_CLASS = YES_ERROR;
				CLANG_WARN_RANGE_LOOP_ANALYSIS = YES;
				CLANG_WARN_STRICT_PROTOTYPES = YES;
				CLANG_WARN_SUSPICIOUS_MOVE = YES;
				CLANG_WARN_UNGUARDED_AVAILABILITY = YES_AGGRESSIVE;
				CLANG_WARN_UNREACHABLE_CODE = YES;
				CLANG_WARN__DUPLICATE_METHOD_MATCH = YES;
				CODE_SIGN_IDENTITY = "iPhone Developer";
				COPY_PHASE_STRIP = NO;
				DEBUG_INFORMATION_FORMAT = dwarf;
				ENABLE_STRICT_OBJC_MSGSEND = YES;
				ENABLE_TESTABILITY = YES;
				GCC_C_LANGUAGE_STANDARD = gnu11;
				GCC_DYNAMIC_NO_PIC = NO;
				GCC_NO_COMMON_BLOCKS = YES;
				GCC_OPTIMIZATION_LEVEL = 0;
				GCC_PREPROCESSOR_DEFINITIONS = (
					"DEBUG=1",
					"$(inherited)",
				);
				GCC_WARN_64_TO_32_BIT_CONVERSION = YES;
				GCC_WARN_ABOUT_RETURN_TYPE = YES_ERROR;
				GCC_WARN_UNDECLARED_SELECTOR = YES;
				GCC_WARN_UNINITIALIZED_AUTOS = YES_AGGRESSIVE;
				GCC_WARN_UNUSED_FUNCTION = YES;
				GCC_WARN_UNUSED_VARIABLE = YES;
				IPHONEOS_DEPLOYMENT_TARGET = 12.1;
				MTL_ENABLE_DEBUG_INFO = INCLUDE_SOURCE;
				MTL_FAST_MATH = YES;
				ONLY_ACTIVE_ARCH = YES;
				SDKROOT = iphoneos;
				SWIFT_ACTIVE_COMPILATION_CONDITIONS = DEBUG;
				SWIFT_OPTIMIZATION_LEVEL = "-Onone";
			};
			name = Debug;
		};
		4BA307AB25FF7697003A210E /* Release */ = {
			isa = XCBuildConfiguration;
			buildSettings = {
				ALWAYS_SEARCH_USER_PATHS = NO;
				CLANG_ANALYZER_NONNULL = YES;
				CLANG_ANALYZER_NUMBER_OBJECT_CONVERSION = YES_AGGRESSIVE;
				CLANG_CXX_LANGUAGE_STANDARD = "gnu++14";
				CLANG_CXX_LIBRARY = "libc++";
				CLANG_ENABLE_MODULES = YES;
				CLANG_ENABLE_OBJC_ARC = YES;
				CLANG_ENABLE_OBJC_WEAK = YES;
				CLANG_WARN_BLOCK_CAPTURE_AUTORELEASING = YES;
				CLANG_WARN_BOOL_CONVERSION = YES;
				CLANG_WARN_COMMA = YES;
				CLANG_WARN_CONSTANT_CONVERSION = YES;
				CLANG_WARN_DEPRECATED_OBJC_IMPLEMENTATIONS = YES;
				CLANG_WARN_DIRECT_OBJC_ISA_USAGE = YES_ERROR;
				CLANG_WARN_DOCUMENTATION_COMMENTS = YES;
				CLANG_WARN_EMPTY_BODY = YES;
				CLANG_WARN_ENUM_CONVERSION = YES;
				CLANG_WARN_INFINITE_RECURSION = YES;
				CLANG_WARN_INT_CONVERSION = YES;
				CLANG_WARN_NON_LITERAL_NULL_CONVERSION = YES;
				CLANG_WARN_OBJC_IMPLICIT_RETAIN_SELF = YES;
				CLANG_WARN_OBJC_LITERAL_CONVERSION = YES;
				CLANG_WARN_OBJC_ROOT_CLASS = YES_ERROR;
				CLANG_WARN_RANGE_LOOP_ANALYSIS = YES;
				CLANG_WARN_STRICT_PROTOTYPES = YES;
				CLANG_WARN_SUSPICIOUS_MOVE = YES;
				CLANG_WARN_UNGUARDED_AVAILABILITY = YES_AGGRESSIVE;
				CLANG_WARN_UNREACHABLE_CODE = YES;
				CLANG_WARN__DUPLICATE_METHOD_MATCH = YES;
				CODE_SIGN_IDENTITY = "iPhone Developer";
				COPY_PHASE_STRIP = NO;
				DEBUG_INFORMATION_FORMAT = "dwarf-with-dsym";
				ENABLE_NS_ASSERTIONS = NO;
				ENABLE_STRICT_OBJC_MSGSEND = YES;
				GCC_C_LANGUAGE_STANDARD = gnu11;
				GCC_NO_COMMON_BLOCKS = YES;
				GCC_WARN_64_TO_32_BIT_CONVERSION = YES;
				GCC_WARN_ABOUT_RETURN_TYPE = YES_ERROR;
				GCC_WARN_UNDECLARED_SELECTOR = YES;
				GCC_WARN_UNINITIALIZED_AUTOS = YES_AGGRESSIVE;
				GCC_WARN_UNUSED_FUNCTION = YES;
				GCC_WARN_UNUSED_VARIABLE = YES;
				IPHONEOS_DEPLOYMENT_TARGET = 12.1;
				MTL_ENABLE_DEBUG_INFO = NO;
				MTL_FAST_MATH = YES;
				SDKROOT = iphoneos;
				SWIFT_COMPILATION_MODE = wholemodule;
				SWIFT_OPTIMIZATION_LEVEL = "-O";
				VALIDATE_PRODUCT = YES;
			};
			name = Release;
		};
		4BA307AD25FF7697003A210E /* Debug */ = {
			isa = XCBuildConfiguration;
			buildSettings = {
				ASSETCATALOG_COMPILER_APPICON_NAME = AppIcon;
				CODE_SIGN_STYLE = Automatic;
				INFOPLIST_FILE = GoogleNotification/Info.plist;
				LD_RUNPATH_SEARCH_PATHS = (
					"$(inherited)",
					"@executable_path/Frameworks",
				);
				PRODUCT_BUNDLE_IDENTIFIER = datamatics.com.GoogleNotification;
				PRODUCT_NAME = "$(TARGET_NAME)";
				SWIFT_VERSION = 4.2;
				TARGETED_DEVICE_FAMILY = "1,2";
			};
			name = Debug;
		};
		4BA307AE25FF7697003A210E /* Release */ = {
			isa = XCBuildConfiguration;
			buildSettings = {
				ASSETCATALOG_COMPILER_APPICON_NAME = AppIcon;
				CODE_SIGN_STYLE = Automatic;
				INFOPLIST_FILE = GoogleNotification/Info.plist;
				LD_RUNPATH_SEARCH_PATHS = (
					"$(inherited)",
					"@executable_path/Frameworks",
				);
				PRODUCT_BUNDLE_IDENTIFIER = datamatics.com.GoogleNotification;
				PRODUCT_NAME = "$(TARGET_NAME)";
				SWIFT_VERSION = 4.2;
				TARGETED_DEVICE_FAMILY = "1,2";
			};
			name = Release;
		};
		4BA307B025FF7697003A210E /* Debug */ = {
			isa = XCBuildConfiguration;
			buildSettings = {
				ALWAYS_EMBED_SWIFT_STANDARD_LIBRARIES = YES;
				BUNDLE_LOADER = "$(TEST_HOST)";
				CODE_SIGN_STYLE = Automatic;
				INFOPLIST_FILE = GoogleNotificationTests/Info.plist;
				LD_RUNPATH_SEARCH_PATHS = (
					"$(inherited)",
					"@executable_path/Frameworks",
					"@loader_path/Frameworks",
				);
				PRODUCT_BUNDLE_IDENTIFIER = datamatics.com.GoogleNotificationTests;
				PRODUCT_NAME = "$(TARGET_NAME)";
				SWIFT_VERSION = 4.2;
				TARGETED_DEVICE_FAMILY = "1,2";
				TEST_HOST = "$(BUILT_PRODUCTS_DIR)/GoogleNotification.app/GoogleNotification";
			};
			name = Debug;
		};
		4BA307B125FF7697003A210E /* Release */ = {
			isa = XCBuildConfiguration;
			buildSettings = {
				ALWAYS_EMBED_SWIFT_STANDARD_LIBRARIES = YES;
				BUNDLE_LOADER = "$(TEST_HOST)";
				CODE_SIGN_STYLE = Automatic;
				INFOPLIST_FILE = GoogleNotificationTests/Info.plist;
				LD_RUNPATH_SEARCH_PATHS = (
					"$(inherited)",
					"@executable_path/Frameworks",
					"@loader_path/Frameworks",
				);
				PRODUCT_BUNDLE_IDENTIFIER = datamatics.com.GoogleNotificationTests;
				PRODUCT_NAME = "$(TARGET_NAME)";
				SWIFT_VERSION = 4.2;
				TARGETED_DEVICE_FAMILY = "1,2";
				TEST_HOST = "$(BUILT_PRODUCTS_DIR)/GoogleNotification.app/GoogleNotification";
			};
			name = Release;
		};
		4BA307B325FF7697003A210E /* Debug */ = {
			isa = XCBuildConfiguration;
			buildSettings = {
				ALWAYS_EMBED_SWIFT_STANDARD_LIBRARIES = YES;
				CODE_SIGN_STYLE = Automatic;
				INFOPLIST_FILE = GoogleNotificationUITests/Info.plist;
				LD_RUNPATH_SEARCH_PATHS = (
					"$(inherited)",
					"@executable_path/Frameworks",
					"@loader_path/Frameworks",
				);
				PRODUCT_BUNDLE_IDENTIFIER = datamatics.com.GoogleNotificationUITests;
				PRODUCT_NAME = "$(TARGET_NAME)";
				SWIFT_VERSION = 4.2;
				TARGETED_DEVICE_FAMILY = "1,2";
				TEST_TARGET_NAME = GoogleNotification;
			};
			name = Debug;
		};
		4BA307B425FF7697003A210E /* Release */ = {
			isa = XCBuildConfiguration;
			buildSettings = {
				ALWAYS_EMBED_SWIFT_STANDARD_LIBRARIES = YES;
				CODE_SIGN_STYLE = Automatic;
				INFOPLIST_FILE = GoogleNotificationUITests/Info.plist;
				LD_RUNPATH_SEARCH_PATHS = (
					"$(inherited)",
					"@executable_path/Frameworks",
					"@loader_path/Frameworks",
				);
				PRODUCT_BUNDLE_IDENTIFIER = datamatics.com.GoogleNotificationUITests;
				PRODUCT_NAME = "$(TARGET_NAME)";
				SWIFT_VERSION = 4.2;
				TARGETED_DEVICE_FAMILY = "1,2";
				TEST_TARGET_NAME = GoogleNotification;
			};
			name = Release;
		};
/* End XCBuildConfiguration section */

/* Begin XCConfigurationList section */
		4BA3077C25FF7696003A210E /* Build configuration list for PBXProject "GoogleNotification" */ = {
			isa = XCConfigurationList;
			buildConfigurations = (
				4BA307AA25FF7697003A210E /* Debug */,
				4BA307AB25FF7697003A210E /* Release */,
			);
			defaultConfigurationIsVisible = 0;
			defaultConfigurationName = Release;
		};
		4BA307AC25FF7697003A210E /* Build configuration list for PBXNativeTarget "GoogleNotification" */ = {
			isa = XCConfigurationList;
			buildConfigurations = (
				4BA307AD25FF7697003A210E /* Debug */,
				4BA307AE25FF7697003A210E /* Release */,
			);
			defaultConfigurationIsVisible = 0;
			defaultConfigurationName = Release;
		};
		4BA307AF25FF7697003A210E /* Build configuration list for PBXNativeTarget "GoogleNotificationTests" */ = {
			isa = XCConfigurationList;
			buildConfigurations = (
				4BA307B025FF7697003A210E /* Debug */,
				4BA307B125FF7697003A210E /* Release */,
			);
			defaultConfigurationIsVisible = 0;
			defaultConfigurationName = Release;
		};
		4BA307B225FF7697003A210E /* Build configuration list for PBXNativeTarget "GoogleNotificationUITests" */ = {
			isa = XCConfigurationList;
			buildConfigurations = (
				4BA307B325FF7697003A210E /* Debug */,
				4BA307B425FF7697003A210E /* Release */,
			);
			defaultConfigurationIsVisible = 0;
			defaultConfigurationName = Release;
		};
/* End XCConfigurationList section */

/* Begin XCVersionGroup section */
		4BA3078B25FF7696003A210E /* GoogleNotification.xcdatamodeld */ = {
			isa = XCVersionGroup;
			children = (
				4BA3078C25FF7696003A210E /* GoogleNotification.xcdatamodel */,
			);
			currentVersion = 4BA3078C25FF7696003A210E /* GoogleNotification.xcdatamodel */;
			path = GoogleNotification.xcdatamodeld;
			sourceTree = "<group>";
			versionGroupType = wrapper.xcdatamodel;
		};
/* End XCVersionGroup section */
	};
	rootObject = 4BA3077925FF7696003A210E /* Project object */;
}
